
Microsoft Visual Studio Solution File, Format Version 12.00
# Visual Studio 15
VisualStudioVersion = 15.0.28307.757
MinimumVisualStudioVersion = 10.0.40219.1
Project("{8BC9CEB8-8B4A-11D0-8D11-00A0C91BC942}") = "ClassFactoryClient", "ClassFactoryClient.vcxproj", "{892A40C4-0C6B-4F4D-84D5-99E80442EAAF}"
EndProject
Global
	GlobalSection(SolutionConfigurationPlatforms) = preSolution
		Debug|x64 = Debug|x64
		Debug|x86 = Debug|x86
		Release|x64 = Release|x64
		Release|x86 = Release|x86
	EndGlobalSection
	GlobalSection(ProjectConfigurationPlatforms) = postSolution
		{892A40C4-0C6B-4F4D-84D5-99E80442EAAF}.Debug|x64.ActiveCfg = Debug|x64
		{892A40C4-0C6B-4F4D-84D5-99E80442EAAF}.Debug|x64.Build.0 = Debug|x64
		{892A40C4-0C6B-4F4D-84D5-99E80442EAAF}.Debug|x86.ActiveCfg = Debug|Win32
		{892A40C4-0C6B-4F4D-84D5-99E80442EAAF}.Debug|x86.Build.0 = Debug|Win32
		{892A40C4-0C6B-4F4D-84D5-99E80442EAAF}.Release|x64.ActiveCfg = Release|x64
		{892A40C4-0C6B-4F4D-84D5-99E80442EAAF}.Release|x64.Build.0 = Release|x64
		{892A40C4-0C6B-4F4D-84D5-99E80442EAAF}.Release|x86.ActiveCfg = Release|Win32
		{892A40C4-0C6B-4F4D-84D5-99E80442EAAF}.Release|x86.Build.0 = Release|Win32
	EndGlobalSection
	GlobalSection(SolutionProperties) = preSolution
		HideSolutionNode = FALSE
	EndGlobalSection
	GlobalSection(ExtensibilityGlobals) = postSolution
		SolutionGuid = {8FB0CB8B-1A71-4225-996C-7428D256E065}
	EndGlobalSection
EndGlobal
