
Microsoft Visual Studio Solution File, Format Version 12.00
# Visual Studio 15
VisualStudioVersion = 15.0.28307.757
MinimumVisualStudioVersion = 10.0.40219.1
Project("{8BC9CEB8-8B4A-11D0-8D11-00A0C91BC942}") = "SquareNumber", "SquareNumber.vcxproj", "{D0576D8A-64A1-44EF-BEB1-75F84C1C409E}"
EndProject
Global
	GlobalSection(SolutionConfigurationPlatforms) = preSolution
		Debug|x64 = Debug|x64
		Debug|x86 = Debug|x86
		Release|x64 = Release|x64
		Release|x86 = Release|x86
	EndGlobalSection
	GlobalSection(ProjectConfigurationPlatforms) = postSolution
		{D0576D8A-64A1-44EF-BEB1-75F84C1C409E}.Debug|x64.ActiveCfg = Debug|x64
		{D0576D8A-64A1-44EF-BEB1-75F84C1C409E}.Debug|x64.Build.0 = Debug|x64
		{D0576D8A-64A1-44EF-BEB1-75F84C1C409E}.Debug|x86.ActiveCfg = Debug|Win32
		{D0576D8A-64A1-44EF-BEB1-75F84C1C409E}.Debug|x86.Build.0 = Debug|Win32
		{D0576D8A-64A1-44EF-BEB1-75F84C1C409E}.Release|x64.ActiveCfg = Release|x64
		{D0576D8A-64A1-44EF-BEB1-75F84C1C409E}.Release|x64.Build.0 = Release|x64
		{D0576D8A-64A1-44EF-BEB1-75F84C1C409E}.Release|x86.ActiveCfg = Release|Win32
		{D0576D8A-64A1-44EF-BEB1-75F84C1C409E}.Release|x86.Build.0 = Release|Win32
	EndGlobalSection
	GlobalSection(SolutionProperties) = preSolution
		HideSolutionNode = FALSE
	EndGlobalSection
	GlobalSection(ExtensibilityGlobals) = postSolution
		SolutionGuid = {C8E8BD0C-EBC4-4A18-980D-5A288DDC8624}
	EndGlobalSection
EndGlobal
