
Microsoft Visual Studio Solution File, Format Version 12.00
# Visual Studio 15
VisualStudioVersion = 15.0.28307.757
MinimumVisualStudioVersion = 10.0.40219.1
Project("{8BC9CEB8-8B4A-11D0-8D11-00A0C91BC942}") = "ClassFactoryServer", "ClassFactoryServer.vcxproj", "{EEE64D71-1A1B-419A-8FE5-7F750AC760AB}"
EndProject
Global
	GlobalSection(SolutionConfigurationPlatforms) = preSolution
		Debug|x64 = Debug|x64
		Debug|x86 = Debug|x86
		Release|x64 = Release|x64
		Release|x86 = Release|x86
	EndGlobalSection
	GlobalSection(ProjectConfigurationPlatforms) = postSolution
		{EEE64D71-1A1B-419A-8FE5-7F750AC760AB}.Debug|x64.ActiveCfg = Debug|x64
		{EEE64D71-1A1B-419A-8FE5-7F750AC760AB}.Debug|x64.Build.0 = Debug|x64
		{EEE64D71-1A1B-419A-8FE5-7F750AC760AB}.Debug|x86.ActiveCfg = Debug|Win32
		{EEE64D71-1A1B-419A-8FE5-7F750AC760AB}.Debug|x86.Build.0 = Debug|Win32
		{EEE64D71-1A1B-419A-8FE5-7F750AC760AB}.Release|x64.ActiveCfg = Release|x64
		{EEE64D71-1A1B-419A-8FE5-7F750AC760AB}.Release|x64.Build.0 = Release|x64
		{EEE64D71-1A1B-419A-8FE5-7F750AC760AB}.Release|x86.ActiveCfg = Release|Win32
		{EEE64D71-1A1B-419A-8FE5-7F750AC760AB}.Release|x86.Build.0 = Release|Win32
	EndGlobalSection
	GlobalSection(SolutionProperties) = preSolution
		HideSolutionNode = FALSE
	EndGlobalSection
	GlobalSection(ExtensibilityGlobals) = postSolution
		SolutionGuid = {AA80AD1A-6A69-4158-8B07-4274F92CC975}
	EndGlobalSection
EndGlobal
